
Microsoft Visual Studio Solution File, Format Version 12.00
# Visual Studio 15
VisualStudioVersion = 15.0.26730.3
MinimumVisualStudioVersion = 10.0.40219.1
Project("{FAE04EC0-301F-11D3-BF4B-00C04F79EFBC}") = "DesktopRecord", "DesktopRecord\DesktopRecord.csproj", "{F2ACF4DD-F09F-42C0-B1A7-7349AF8EF54B}"
EndProject
Global
	GlobalSection(SolutionConfigurationPlatforms) = preSolution
		Debug|Any CPU = Debug|Any CPU
		Release|Any CPU = Release|Any CPU
	EndGlobalSection
	GlobalSection(ProjectConfigurationPlatforms) = postSolution
		{F2ACF4DD-F09F-42C0-B1A7-7349AF8EF54B}.Debug|Any CPU.ActiveCfg = Debug|Any CPU
		{F2ACF4DD-F09F-42C0-B1A7-7349AF8EF54B}.Debug|Any CPU.Build.0 = Debug|Any CPU
		{F2ACF4DD-F09F-42C0-B1A7-7349AF8EF54B}.Release|Any CPU.ActiveCfg = Release|Any CPU
		{F2ACF4DD-F09F-42C0-B1A7-7349AF8EF54B}.Release|Any CPU.Build.0 = Release|Any CPU
	EndGlobalSection
	GlobalSection(SolutionProperties) = preSolution
		HideSolutionNode = FALSE
	EndGlobalSection
	GlobalSection(ExtensibilityGlobals) = postSolution
		SolutionGuid = {82B1864F-6705-48EE-853F-C2466BECD239}
	EndGlobalSection
EndGlobal
